Microsoft Visual Studio Solution File, Format Version 11.00
# Visual Studio 2008

Project("{DF5F3EF0-5A5E-7DF0-6A7B-EF5861C42E68}") = "Unititled-Unity-Game", "Assembly-CSharp.csproj", "{D4372ADA-DDA7-FDAB-77DB-0DAB1F2A8D44}"
EndProject
Global
	GlobalSection(SolutionConfigurationPlatforms) = preSolution
		Debug|Any CPU = Debug|Any CPU
		Release|Any CPU = Release|Any CPU
	EndGlobalSection
	GlobalSection(ProjectConfigurationPlatforms) = postSolution
		{D4372ADA-DDA7-FDAB-77DB-0DAB1F2A8D44}.Debug|Any CPU.ActiveCfg = Debug|Any CPU
		{D4372ADA-DDA7-FDAB-77DB-0DAB1F2A8D44}.Debug|Any CPU.Build.0 = Debug|Any CPU
		{D4372ADA-DDA7-FDAB-77DB-0DAB1F2A8D44}.Release|Any CPU.ActiveCfg = Release|Any CPU
		{D4372ADA-DDA7-FDAB-77DB-0DAB1F2A8D44}.Release|Any CPU.Build.0 = Release|Any CPU
	EndGlobalSection
	GlobalSection(SolutionProperties) = preSolution
		HideSolutionNode = FALSE
	EndGlobalSection
<<<<<<< HEAD
																																																																																																																										GlobalSection(MonoDevelopProperties) = preSolution
=======
																																																																																																																												GlobalSection(MonoDevelopProperties) = preSolution
>>>>>>> 6416df13cd7782b49d43c0b7c3605e38c183b90a
=======
																																																																																																																																	GlobalSection(MonoDevelopProperties) = preSolution
>>>>>>> b63d3de09662053a30c47afef1300a841a72bfca
=======
																																																																																																																				GlobalSection(MonoDevelopProperties) = preSolution
>>>>>>> bef089fa22c19dccb57bf8e280d93167eb824e00
=======
																																																																																																GlobalSection(MonoDevelopProperties) = preSolution
>>>>>>> ad169e438f2b225c1005264088b506fd39cde010
=======
																																																																																			GlobalSection(MonoDevelopProperties) = preSolution
>>>>>>> 2d365abea64e004574ce9b1582996273726099a6
=======
<<<<<<< HEAD
																																																				GlobalSection(MonoDevelopProperties) = preSolution
=======
																																																			GlobalSection(MonoDevelopProperties) = preSolution
>>>>>>> origin/master
>>>>>>> 411be29717bf70c2dbc1c0e7ee0212f79d7fd4e2
=======
					GlobalSection(MonoDevelopProperties) = preSolution
>>>>>>> 13b1d3b2d51abb652e90e28810384ef57f5f1da0
=======
													GlobalSection(MonoDevelopProperties) = preSolution
>>>>>>> 53c118c5de1c30c924a4e3dd8439af14b42b167f
		StartupItem = Assembly-CSharp.csproj
		Policies = $0
		$0.TextStylePolicy = $1
		$1.inheritsSet = null
		$1.scope = text/x-csharp
		$0.CSharpFormattingPolicy = $2
		$2.inheritsSet = Mono
		$2.inheritsScope = text/x-csharp
		$2.scope = text/x-csharp
		$0.TextStylePolicy = $3
		$3.FileWidth = 120
		$3.TabWidth = 4
		$3.EolMarker = Unix
		$3.inheritsSet = Mono
		$3.inheritsScope = text/plain
		$3.scope = text/plain
	EndGlobalSection

EndGlobal
